
Microsoft Visual Studio Solution File, Format Version 12.00
Project("{FAE04EC0-301F-11D3-BF4B-00C04F79EFBC}") = "HpaStarPathfinding", "HpaStarPathfinding\HpaStarPathfinding.csproj", "{5B0189DC-7FBA-42BA-A148-178BA4451516}"
EndProject
Project("{FAE04EC0-301F-11D3-BF4B-00C04F79EFBC}") = "HpaStarPathfinding.Tests", "HpaStarPathfinding.Tests\HpaStarPathfinding.Tests.csproj", "{A4443D12-5241-4CE0-B815-F2841E1CBE47}"
EndProject
Global
	GlobalSection(SolutionConfigurationPlatforms) = preSolution
		Debug|Any CPU = Debug|Any CPU
		Debug|x64 = Debug|x64
		Debug|x86 = Debug|x86
		Release|Any CPU = Release|Any CPU
		Release|x64 = Release|x64
		Release|x86 = Release|x86
	EndGlobalSection
	GlobalSection(ProjectConfigurationPlatforms) = postSolution
		{5B0189DC-7FBA-42BA-A148-178BA4451516}.Debug|Any CPU.ActiveCfg = Debug|Any CPU
		{5B0189DC-7FBA-42BA-A148-178BA4451516}.Debug|Any CPU.Build.0 = Debug|Any CPU
		{5B0189DC-7FBA-42BA-A148-178BA4451516}.Debug|x64.ActiveCfg = Debug|Any CPU
		{5B0189DC-7FBA-42BA-A148-178BA4451516}.Debug|x64.Build.0 = Debug|Any CPU
		{5B0189DC-7FBA-42BA-A148-178BA4451516}.Debug|x86.ActiveCfg = Debug|Any CPU
		{5B0189DC-7FBA-42BA-A148-178BA4451516}.Debug|x86.Build.0 = Debug|Any CPU
		{5B0189DC-7FBA-42BA-A148-178BA4451516}.Release|Any CPU.ActiveCfg = Release|Any CPU
		{5B0189DC-7FBA-42BA-A148-178BA4451516}.Release|Any CPU.Build.0 = Release|Any CPU
		{5B0189DC-7FBA-42BA-A148-178BA4451516}.Release|x64.ActiveCfg = Release|Any CPU
		{5B0189DC-7FBA-42BA-A148-178BA4451516}.Release|x64.Build.0 = Release|Any CPU
		{5B0189DC-7FBA-42BA-A148-178BA4451516}.Release|x86.ActiveCfg = Release|Any CPU
		{5B0189DC-7FBA-42BA-A148-178BA4451516}.Release|x86.Build.0 = Release|Any CPU
		{A4443D12-5241-4CE0-B815-F2841E1CBE47}.Debug|Any CPU.ActiveCfg = Debug|Any CPU
		{A4443D12-5241-4CE0-B815-F2841E1CBE47}.Debug|Any CPU.Build.0 = Debug|Any CPU
		{A4443D12-5241-4CE0-B815-F2841E1CBE47}.Debug|x64.ActiveCfg = Debug|Any CPU
		{A4443D12-5241-4CE0-B815-F2841E1CBE47}.Debug|x64.Build.0 = Debug|Any CPU
		{A4443D12-5241-4CE0-B815-F2841E1CBE47}.Debug|x86.ActiveCfg = Debug|Any CPU
		{A4443D12-5241-4CE0-B815-F2841E1CBE47}.Debug|x86.Build.0 = Debug|Any CPU
		{A4443D12-5241-4CE0-B815-F2841E1CBE47}.Release|Any CPU.ActiveCfg = Release|Any CPU
		{A4443D12-5241-4CE0-B815-F2841E1CBE47}.Release|Any CPU.Build.0 = Release|Any CPU
		{A4443D12-5241-4CE0-B815-F2841E1CBE47}.Release|x64.ActiveCfg = Release|Any CPU
		{A4443D12-5241-4CE0-B815-F2841E1CBE47}.Release|x64.Build.0 = Release|Any CPU
		{A4443D12-5241-4CE0-B815-F2841E1CBE47}.Release|x86.ActiveCfg = Release|Any CPU
		{A4443D12-5241-4CE0-B815-F2841E1CBE47}.Release|x86.Build.0 = Release|Any CPU
	EndGlobalSection
	GlobalSection(SolutionProperties) = preSolution
		HideSolutionNode = FALSE
	EndGlobalSection
EndGlobal
